
Microsoft Visual Studio Solution File, Format Version 12.00
# Visual Studio Version 16
VisualStudioVersion = 16.0.29920.165
MinimumVisualStudioVersion = 10.0.40219.1
Project("{FAE04EC0-301F-11D3-BF4B-00C04F79EFBC}") = "Control_Remoto", "Control_Remoto\Control_Remoto.csproj", "{24CB9C59-B07E-4112-AA6C-F792DE404F4C}"
EndProject
Project("{2150E333-8FDC-42A3-9474-1A3956D46DE8}") = "Solution Items", "Solution Items", "{8521130F-FB43-43BD-8C24-1BFDC8F45BC7}"
	ProjectSection(SolutionItems) = preProject
		.editorconfig = .editorconfig
	EndProjectSection
EndProject
Global
	GlobalSection(SolutionConfigurationPlatforms) = preSolution
		Debug|Any CPU = Debug|Any CPU
		Release|Any CPU = Release|Any CPU
	EndGlobalSection
	GlobalSection(ProjectConfigurationPlatforms) = postSolution
		{24CB9C59-B07E-4112-AA6C-F792DE404F4C}.Debug|Any CPU.ActiveCfg = Debug|Any CPU
		{24CB9C59-B07E-4112-AA6C-F792DE404F4C}.Debug|Any CPU.Build.0 = Debug|Any CPU
		{24CB9C59-B07E-4112-AA6C-F792DE404F4C}.Release|Any CPU.ActiveCfg = Release|Any CPU
		{24CB9C59-B07E-4112-AA6C-F792DE404F4C}.Release|Any CPU.Build.0 = Release|Any CPU
	EndGlobalSection
	GlobalSection(SolutionProperties) = preSolution
		HideSolutionNode = FALSE
	EndGlobalSection
	GlobalSection(ExtensibilityGlobals) = postSolution
		SolutionGuid = {F8260F29-6112-424F-9455-CCEB39A32FEE}
	EndGlobalSection
EndGlobal
